
Microsoft Visual Studio Solution File, Format Version 12.00
# Visual Studio Version 17
VisualStudioVersion = 17.11.35327.3
MinimumVisualStudioVersion = 10.0.40219.1
Project("{9A19103F-16F7-4668-BE54-9A1E7A4F7556}") = "Kaod", "MangaKB\Kaod.csproj", "{4520BA67-5949-4253-A7A3-5AEC8C3F06E6}"
EndProject
Global
	GlobalSection(SolutionConfigurationPlatforms) = preSolution
		Debug|Any CPU = Debug|Any CPU
		Release|Any CPU = Release|Any CPU
	EndGlobalSection
	GlobalSection(ProjectConfigurationPlatforms) = postSolution
		{4520BA67-5949-4253-A7A3-5AEC8C3F06E6}.Debug|Any CPU.ActiveCfg = Debug|Any CPU
		{4520BA67-5949-4253-A7A3-5AEC8C3F06E6}.Debug|Any CPU.Build.0 = Debug|Any CPU
		{4520BA67-5949-4253-A7A3-5AEC8C3F06E6}.Release|Any CPU.ActiveCfg = Release|Any CPU
		{4520BA67-5949-4253-A7A3-5AEC8C3F06E6}.Release|Any CPU.Build.0 = Release|Any CPU
	EndGlobalSection
	GlobalSection(SolutionProperties) = preSolution
		HideSolutionNode = FALSE
	EndGlobalSection
	GlobalSection(ExtensibilityGlobals) = postSolution
		SolutionGuid = {E1EF5740-C4B7-49F8-B2AA-16208147280D}
	EndGlobalSection
EndGlobal
